
Microsoft Visual Studio Solution File, Format Version 12.00
# Visual Studio 2013
VisualStudioVersion = 12.0.40629.0
MinimumVisualStudioVersion = 10.0.40219.1
Project("{FAE04EC0-301F-11D3-BF4B-00C04F79EFBC}") = "Ancestor.Core", "Ancestor.Core\Ancestor.Core.csproj", "{0B08A6F8-554F-48D4-8944-38E7AF2FE060}"
EndProject
Project("{FAE04EC0-301F-11D3-BF4B-00C04F79EFBC}") = "Ancestor.DataAccess", "Ancestor.DataAccess\Ancestor.DataAccess.csproj", "{E94FB95F-A5C1-4DBD-AAD0-25810A531FF9}"
EndProject
Project("{2150E333-8FDC-42A3-9474-1A3956D46DE8}") = "TestProject", "TestProject", "{85330EAD-DB8A-4A34-9822-F3F3AEBFEF39}"
EndProject
Project("{FAE04EC0-301F-11D3-BF4B-00C04F79EFBC}") = "AncestorUnitTestProject", "AncestorUnitTestProject\AncestorUnitTestProject.csproj", "{0547B876-7858-400A-9D94-7002AF9C66A2}"
EndProject
Global
	GlobalSection(TeamFoundationVersionControl) = preSolution
		SccNumberOfProjects = 4
		SccEnterpriseProvider = {4CA58AB2-18FA-4F8D-95D4-32DDF27D184C}
		SccTeamFoundationServer = http://10.30.46.117:8080/tfs/ancestor
		SccLocalPath0 = .
		SccProjectUniqueName1 = Ancestor.Core\\Ancestor.Core.csproj
		SccProjectName1 = Ancestor.Core
		SccLocalPath1 = Ancestor.Core
		SccProjectUniqueName2 = Ancestor.DataAccess\\Ancestor.DataAccess.csproj
		SccProjectName2 = Ancestor.DataAccess
		SccLocalPath2 = Ancestor.DataAccess
		SccProjectUniqueName3 = AncestorUnitTestProject\\AncestorUnitTestProject.csproj
		SccProjectTopLevelParentUniqueName3 = Ancestor.sln
		SccProjectName3 = AncestorUnitTestProject
		SccLocalPath3 = AncestorUnitTestProject
	EndGlobalSection
	GlobalSection(SolutionConfigurationPlatforms) = preSolution
		Debug|Any CPU = Debug|Any CPU
		Release|Any CPU = Release|Any CPU
	EndGlobalSection
	GlobalSection(ProjectConfigurationPlatforms) = postSolution
		{0B08A6F8-554F-48D4-8944-38E7AF2FE060}.Debug|Any CPU.ActiveCfg = Debug|Any CPU
		{0B08A6F8-554F-48D4-8944-38E7AF2FE060}.Debug|Any CPU.Build.0 = Debug|Any CPU
		{0B08A6F8-554F-48D4-8944-38E7AF2FE060}.Release|Any CPU.ActiveCfg = Release|Any CPU
		{0B08A6F8-554F-48D4-8944-38E7AF2FE060}.Release|Any CPU.Build.0 = Release|Any CPU
		{E94FB95F-A5C1-4DBD-AAD0-25810A531FF9}.Debug|Any CPU.ActiveCfg = Debug|Any CPU
		{E94FB95F-A5C1-4DBD-AAD0-25810A531FF9}.Debug|Any CPU.Build.0 = Debug|Any CPU
		{E94FB95F-A5C1-4DBD-AAD0-25810A531FF9}.Release|Any CPU.ActiveCfg = Release|Any CPU
		{E94FB95F-A5C1-4DBD-AAD0-25810A531FF9}.Release|Any CPU.Build.0 = Release|Any CPU
		{0547B876-7858-400A-9D94-7002AF9C66A2}.Debug|Any CPU.ActiveCfg = Debug|x86
		{0547B876-7858-400A-9D94-7002AF9C66A2}.Debug|Any CPU.Build.0 = Debug|x86
		{0547B876-7858-400A-9D94-7002AF9C66A2}.Release|Any CPU.ActiveCfg = Release|Any CPU
		{0547B876-7858-400A-9D94-7002AF9C66A2}.Release|Any CPU.Build.0 = Release|Any CPU
	EndGlobalSection
	GlobalSection(SolutionProperties) = preSolution
		HideSolutionNode = FALSE
	EndGlobalSection
	GlobalSection(NestedProjects) = preSolution
		{0547B876-7858-400A-9D94-7002AF9C66A2} = {85330EAD-DB8A-4A34-9822-F3F3AEBFEF39}
	EndGlobalSection
EndGlobal
